PODS:
  - Alamofire (5.9.1)
  - Capacitor (8.3.4):
    - CapacitorCordova
  - Capacitor3KakaoLogin (0.8.7):
    - Capacitor
    - KakaoSDKAuth
    - KakaoSDKCommon
    - KakaoSDKShare
    - KakaoSDKTalk
    - KakaoSDKTemplate
    - KakaoSDKUser
  - CapacitorApp (8.1.0):
    - Capacitor
  - CapacitorCommunityAppleSignIn (7.1.0):
    - Capacitor
  - CapacitorCordova (8.3.4)
  - CapacitorSecureStoragePlugin (0.13.0):
    - Capacitor
    - SwiftKeychainWrapper
  - CapacitorSplashScreen (8.0.1):
    - Capacitor
  - KakaoSDKAuth (2.22.7):
    - KakaoSDKCommon (= 2.22.7)
  - KakaoSDKCommon (2.22.7):
    - KakaoSDKCommon/Common (= 2.22.7)
    - KakaoSDKCommon/Network (= 2.22.7)
  - KakaoSDKCommon/Common (2.22.7)
  - KakaoSDKCommon/Network (2.22.7):
    - Alamofire (~> 5.9.0)
    - KakaoSDKCommon/Common (= 2.22.7)
  - KakaoSDKShare (2.22.7):
    - KakaoSDKCommon (= 2.22.7)
    - KakaoSDKTemplate (= 2.22.7)
  - KakaoSDKTalk (2.22.7):
    - KakaoSDKTemplate (= 2.22.7)
    - KakaoSDKUser (= 2.22.7)
  - KakaoSDKTemplate (2.22.7):
    - KakaoSDKCommon/Common (= 2.22.7)
  - KakaoSDKUser (2.22.7):
    - KakaoSDKAuth (= 2.22.7)
  - SwiftKeychainWrapper (4.0.1)

DEPENDENCIES:
  - "Capacitor (from `../../node_modules/.pnpm/@capacitor+ios@8.3.4_@capacitor+core@8.3.4/node_modules/@capacitor/ios`)"
  - "Capacitor3KakaoLogin (from `../../node_modules/.pnpm/capacitor3-kakao-login@0.8.7_@capacitor+core@8.3.4/node_modules/capacitor3-kakao-login`)"
  - "CapacitorApp (from `../../node_modules/.pnpm/@capacitor+app@8.1.0_@capacitor+core@8.3.4/node_modules/@capacitor/app`)"
  - "CapacitorCommunityAppleSignIn (from `../../node_modules/.pnpm/@capacitor-community+apple-sign-in@7.1.0_@capacitor+core@8.3.4/node_modules/@capacitor-community/apple-sign-in`)"
  - "CapacitorCordova (from `../../node_modules/.pnpm/@capacitor+ios@8.3.4_@capacitor+core@8.3.4/node_modules/@capacitor/ios`)"
  - "CapacitorSecureStoragePlugin (from `../../node_modules/.pnpm/capacitor-secure-storage-plugin@0.13.0_@capacitor+core@8.3.4/node_modules/capacitor-secure-storage-plugin`)"
  - "CapacitorSplashScreen (from `../../node_modules/.pnpm/@capacitor+splash-screen@8.0.1_@capacitor+core@8.3.4/node_modules/@capacitor/splash-screen`)"

SPEC REPOS:
  trunk:
    - Alamofire
    - KakaoSDKAuth
    - KakaoSDKCommon
    - KakaoSDKShare
    - KakaoSDKTalk
    - KakaoSDKTemplate
    - KakaoSDKUser
    - SwiftKeychainWrapper

EXTERNAL SOURCES:
  Capacitor:
    :path: "../../node_modules/.pnpm/@capacitor+ios@8.3.4_@capacitor+core@8.3.4/node_modules/@capacitor/ios"
  Capacitor3KakaoLogin:
    :path: "../../node_modules/.pnpm/capacitor3-kakao-login@0.8.7_@capacitor+core@8.3.4/node_modules/capacitor3-kakao-login"
  CapacitorApp:
    :path: "../../node_modules/.pnpm/@capacitor+app@8.1.0_@capacitor+core@8.3.4/node_modules/@capacitor/app"
  CapacitorCommunityAppleSignIn:
    :path: "../../node_modules/.pnpm/@capacitor-community+apple-sign-in@7.1.0_@capacitor+core@8.3.4/node_modules/@capacitor-community/apple-sign-in"
  CapacitorCordova:
    :path: "../../node_modules/.pnpm/@capacitor+ios@8.3.4_@capacitor+core@8.3.4/node_modules/@capacitor/ios"
  CapacitorSecureStoragePlugin:
    :path: "../../node_modules/.pnpm/capacitor-secure-storage-plugin@0.13.0_@capacitor+core@8.3.4/node_modules/capacitor-secure-storage-plugin"
  CapacitorSplashScreen:
    :path: "../../node_modules/.pnpm/@capacitor+splash-screen@8.0.1_@capacitor+core@8.3.4/node_modules/@capacitor/splash-screen"

SPEC CHECKSUMS:
  Alamofire: f36a35757af4587d8e4f4bfa223ad10be2422b8c
  Capacitor: d13cad5fa09155679672808cc4ca9fbc2997e1b4
  Capacitor3KakaoLogin: c48437e94bf1920730caeed35f35695fad783eb6
  CapacitorApp: 449ffe26375e96f8aaaee625ac6e01e5c57c8650
  CapacitorCommunityAppleSignIn: 271cb2860576fd2961508bbfa7a82117d93eadca
  CapacitorCordova: c07921bdcfec6f691bae22274446b4d606ebf6a4
  CapacitorSecureStoragePlugin: d083ff28d9ba5bc74924b9bcf9754ea605016b63
  CapacitorSplashScreen: 4b46c72298db552b3c57ce021ef028b6dc7f1fa7
  KakaoSDKAuth: 45204252ff7c379c0f86c5573f97ec36885afca0
  KakaoSDKCommon: 132164a6bac8bcd3a4346d3bf777f34f8f39fdca
  KakaoSDKShare: 01c60c3d5394479429a51ef14ea78d3e72f48af0
  KakaoSDKTalk: a0c41d014cfda872ea9adae41bcaf7720a002785
  KakaoSDKTemplate: b11ecf08777198ffafd184201baf93de476ddb84
  KakaoSDKUser: 4c9cf1da78710d19d0b2c2dd32d1a44c544cdfa4
  SwiftKeychainWrapper: 807ba1d63c33a7d0613288512399cd1eda1e470c

PODFILE CHECKSUM: d9818cac3cf75db0a74d25b03c96371218593d22

COCOAPODS: 1.16.2
